
Microsoft Visual Studio Solution File, Format Version 12.00
# Visual Studio Version 16
VisualStudioVersion = 16.0.29806.167
MinimumVisualStudioVersion = 10.0.40219.1
Project("{FAE04EC0-301F-11D3-BF4B-00C04F79EFBC}") = "Program06", "Program06.csproj", "{37B584C6-A0BD-49D8-83A2-A8FC2CC92A4D}"
EndProject
Global
	GlobalSection(SolutionConfigurationPlatforms) = preSolution
		Debug|Any CPU = Debug|Any CPU
		Release|Any CPU = Release|Any CPU
	EndGlobalSection
	GlobalSection(ProjectConfigurationPlatforms) = postSolution
		{37B584C6-A0BD-49D8-83A2-A8FC2CC92A4D}.Debug|Any CPU.ActiveCfg = Debug|Any CPU
		{37B584C6-A0BD-49D8-83A2-A8FC2CC92A4D}.Debug|Any CPU.Build.0 = Debug|Any CPU
		{37B584C6-A0BD-49D8-83A2-A8FC2CC92A4D}.Release|Any CPU.ActiveCfg = Release|Any CPU
		{37B584C6-A0BD-49D8-83A2-A8FC2CC92A4D}.Release|Any CPU.Build.0 = Release|Any CPU
	EndGlobalSection
	GlobalSection(SolutionProperties) = preSolution
		HideSolutionNode = FALSE
	EndGlobalSection
	GlobalSection(ExtensibilityGlobals) = postSolution
		SolutionGuid = {113AECE2-12F5-460B-B73E-7997FA4526C5}
	EndGlobalSection
EndGlobal
